// !$*UTF8*$!
{
	archiveVersion = 1;
	classes = {
	};
	objectVersion = 55;
	objects = {

/* Begin PBXBuildFile section */
		00EEDE4E27FDAF4500F6BE85 /* AppDelegate.swift in Sources */ = {isa = PBXBuildFile; fileRef = 00EEDE4D27FDAF4500F6BE85 /* AppDelegate.swift */; };
		00EEDE5027FDAF4500F6BE85 /* SceneDelegate.swift in Sources */ = {isa = PBXBuildFile; fileRef = 00EEDE4F27FDAF4500F6BE85 /* SceneDelegate.swift */; };
		00EEDE5227FDAF4500F6BE85 /* ViewController.swift in Sources */ = {isa = PBXBuildFile; fileRef = 00EEDE5127FDAF4500F6BE85 /* ViewController.swift */; };
		00EEDE5527FDAF4500F6BE85 /* Main.storyboard in Resources */ = {isa = PBXBuildFile; fileRef = 00EEDE5327FDAF4500F6BE85 /* Main.storyboard */; };
		00EEDE5727FDAF4600F6BE85 /* Assets.xcassets in Resources */ = {isa = PBXBuildFile; fileRef = 00EEDE5627FDAF4600F6BE85 /* Assets.xcassets */; };
		00EEDE5A27FDAF4600F6BE85 /* LaunchScreen.storyboard in Resources */ = {isa = PBXBuildFile; fileRef = 00EEDE5827FDAF4600F6BE85 /* LaunchScreen.storyboard */; };
/* End PBXBuildFile section */

/* Begin PBXFileReference section */
		00EEDE4A27FDAF4500F6BE85 /* NFCReadExample.app */ = {isa = PBXFileReference; explicitFileType = wrapper.application; includeInIndex = 0; path = NFCReadExample.app; sourceTree = BUILT_PRODUCTS_DIR; };
		00EEDE4D27FDAF4500F6BE85 /* AppDelegate.swift */ = {isa = PBXFileReference; lastKnownFileType = sourcecode.swift; path = AppDelegate.swift; sourceTree = "<group>"; };
		00EEDE4F27FDAF4500F6BE85 /* SceneDelegate.swift */ = {isa = PBXFileReference; lastKnownFileType = sourcecode.swift; path = SceneDelegate.swift; sourceTree = "<group>"; };
		00EEDE5127FDAF4500F6BE85 /* ViewController.swift */ = {isa = PBXFileReference; lastKnownFileType = sourcecode.swift; path = ViewController.swift; sourceTree = "<group>"; };
		00EEDE5427FDAF4500F6BE85 /* Base */ = {isa = PBXFileReference; lastKnownFileType = file.storyboard; name = Base; path = Base.lproj/Main.storyboard; sourceTree = "<group>"; };
		00EEDE5627FDAF4600F6BE85 /* Assets.xcassets */ = {isa = PBXFileReference; lastKnownFileType = folder.assetcatalog; path = Assets.xcassets; sourceTree = "<group>"; };
		00EEDE5927FDAF4600F6BE85 /* Base */ = {isa = PBXFileReference; lastKnownFileType = file.storyboard; name = Base; path = Base.lproj/LaunchScreen.storyboard; sourceTree = "<group>"; };
		00EEDE5B27FDAF4600F6BE85 /* Info.plist */ = {isa = PBXFileReference; lastKnownFileType = text.plist.xml; path = Info.plist; sourceTree = "<group>"; };
/* End PBXFileReference section */

/* Begin PBXFrameworksBuildPhase section */
		00EEDE4727FDAF4500F6BE85 /* Frameworks */ = {
			isa = PBXFrameworksBuildPhase;
			buildActionMask = 2147483647;
			files = (
			);
			runOnlyForDeploymentPostprocessing = 0;
		};
/* End PBXFrameworksBuildPhase section */

/* Begin PBXGroup section */
		00EEDE4127FDAF4500F6BE85 = {
			isa = PBXGroup;
			children = (
				00EEDE4C27FDAF4500F6BE85 /* NFCReadExample */,
				00EEDE4B27FDAF4500F6BE85 /* Products */,
			);
			sourceTree = "<group>";
		};
		00EEDE4B27FDAF4500F6BE85 /* Products */ = {
			isa = PBXGroup;
			children = (
				00EEDE4A27FDAF4500F6BE85 /* NFCReadExample.app */,
			);
			name = Products;
			sourceTree = "<group>";
		};
		00EEDE4C27FDAF4500F6BE85 /* NFCReadExample */ = {
			isa = PBXGroup;
			children = (
				00EEDE6127FDAF5E00F6BE85 /* Application */,
				00EEDE6227FDAF6400F6BE85 /* Modules */,
				00EEDE6327FDAF6B00F6BE85 /* Storyboards */,
				00EEDE6427FDAF7700F6BE85 /* Resources */,
			);
			path = NFCReadExample;
			sourceTree = "<group>";
		};
		00EEDE6127FDAF5E00F6BE85 /* Application */ = {
			isa = PBXGroup;
			children = (
				00EEDE4D27FDAF4500F6BE85 /* AppDelegate.swift */,
				00EEDE4F27FDAF4500F6BE85 /* SceneDelegate.swift */,
			);
			path = Application;
			sourceTree = "<group>";
		};
		00EEDE6227FDAF6400F6BE85 /* Modules */ = {
			isa = PBXGroup;
			children = (
				00EEDE5127FDAF4500F6BE85 /* ViewController.swift */,
			);
			path = Modules;
			sourceTree = "<group>";
		};
		00EEDE6327FDAF6B00F6BE85 /* Storyboards */ = {
			isa = PBXGroup;
			children = (
				00EEDE5327FDAF4500F6BE85 /* Main.storyboard */,
				00EEDE5827FDAF4600F6BE85 /* LaunchScreen.storyboard */,
			);
			path = Storyboards;
			sourceTree = "<group>";
		};
		00EEDE6427FDAF7700F6BE85 /* Resources */ = {
			isa = PBXGroup;
			children = (
				00EEDE5627FDAF4600F6BE85 /* Assets.xcassets */,
				00EEDE5B27FDAF4600F6BE85 /* Info.plist */,
			);
			path = Resources;
			sourceTree = "<group>";
		};
/* End PBXGroup section */

/* Begin PBXNativeTarget section */
		00EEDE4927FDAF4500F6BE85 /* NFCReadExample */ = {
			isa = PBXNativeTarget;
			buildConfigurationList = 00EEDE5E27FDAF4600F6BE85 /* Build configuration list for PBXNativeTarget "NFCReadExample" */;
			buildPhases = (
				00EEDE4627FDAF4500F6BE85 /* Sources */,
				00EEDE4727FDAF4500F6BE85 /* Frameworks */,
				00EEDE4827FDAF4500F6BE85 /* Resources */,
			);
			buildRules = (
			);
			dependencies = (
			);
			name = NFCReadExample;
			productName = NFCReadExample;
			productReference = 00EEDE4A27FDAF4500F6BE85 /* NFCReadExample.app */;
			productType = "com.apple.product-type.application";
		};
/* End PBXNativeTarget section */

/* Begin PBXProject section */
		00EEDE4227FDAF4500F6BE85 /* Project object */ = {
			isa = PBXProject;
			attributes = {
				BuildIndependentTargetsInParallel = 1;
				LastSwiftUpdateCheck = 1320;
				LastUpgradeCheck = 1320;
				TargetAttributes = {
					00EEDE4927FDAF4500F6BE85 = {
						CreatedOnToolsVersion = 13.2.1;
					};
				};
			};
			buildConfigurationList = 00EEDE4527FDAF4500F6BE85 /* Build configuration list for PBXProject "NFCReadExample" */;
			compatibilityVersion = "Xcode 13.0";
			developmentRegion = en;
			hasScannedForEncodings = 0;
			knownRegions = (
				en,
				Base,
			);
			mainGroup = 00EEDE4127FDAF4500F6BE85;
			productRefGroup = 00EEDE4B27FDAF4500F6BE85 /* Products */;
			projectDirPath = "";
			projectRoot = "";
			targets = (
				00EEDE4927FDAF4500F6BE85 /* NFCReadExample */,
			);
		};
/* End PBXProject section */

/* Begin PBXResourcesBuildPhase section */
		00EEDE4827FDAF4500F6BE85 /* Resources */ = {
			isa = PBXResourcesBuildPhase;
			buildActionMask = 2147483647;
			files = (
				00EEDE5A27FDAF4600F6BE85 /* LaunchScreen.storyboard in Resources */,
				00EEDE5727FDAF4600F6BE85 /* Assets.xcassets in Resources */,
				00EEDE5527FDAF4500F6BE85 /* Main.storyboard in Resources */,
			);
			runOnlyForDeploymentPostprocessing = 0;
		};
/* End PBXResourcesBuildPhase section */

/* Begin PBXSourcesBuildPhase section */
		00EEDE4627FDAF4500F6BE85 /* Sources */ = {
			isa = PBXSourcesBuildPhase;
			buildActionMask = 2147483647;
			files = (
				00EEDE5227FDAF4500F6BE85 /* ViewController.swift in Sources */,
				00EEDE4E27FDAF4500F6BE85 /* AppDelegate.swift in Sources */,
				00EEDE5027FDAF4500F6BE85 /* SceneDelegate.swift in Sources */,
			);
			runOnlyForDeploymentPostprocessing = 0;
		};
/* End PBXSourcesBuildPhase section */

/* Begin PBXVariantGroup section */
		00EEDE5327FDAF4500F6BE85 /* Main.storyboard */ = {
			isa = PBXVariantGroup;
			children = (
				00EEDE5427FDAF4500F6BE85 /* Base */,
			);
			name = Main.storyboard;
			sourceTree = "<group>";
		};
		00EEDE5827FDAF4600F6BE85 /* LaunchScreen.storyboard */ = {
			isa = PBXVariantGroup;
			children = (
				00EEDE5927FDAF4600F6BE85 /* Base */,
			);
			name = LaunchScreen.storyboard;
			sourceTree = "<group>";
		};
/* End PBXVariantGroup section */

/* Begin XCBuildConfiguration section */
		00EEDE5C27FDAF4600F6BE85 /* Debug */ = {
			isa = XCBuildConfiguration;
			buildSettings = {
				ALWAYS_SEARCH_USER_PATHS = NO;
				CLANG_ANALYZER_NONNULL = YES;
				CLANG_ANALYZER_NUMBER_OBJECT_CONVERSION = YES_AGGRESSIVE;
				CLANG_CXX_LANGUAGE_STANDARD = "gnu++17";
				CLANG_CXX_LIBRARY = "libc++";
				CLANG_ENABLE_MODULES = YES;
				CLANG_ENABLE_OBJC_ARC = YES;
				CLANG_ENABLE_OBJC_WEAK = YES;
				CLANG_WARN_BLOCK_CAPTURE_AUTORELEASING = YES;
				CLANG_WARN_BOOL_CONVERSION = YES;
				CLANG_WARN_COMMA = YES;
				CLANG_WARN_CONSTANT_CONVERSION = YES;
				CLANG_WARN_DEPRECATED_OBJC_IMPLEMENTATIONS = YES;
				CLANG_WARN_DIRECT_OBJC_ISA_USAGE = YES_ERROR;
				CLANG_WARN_DOCUMENTATION_COMMENTS = YES;
				CLANG_WARN_EMPTY_BODY = YES;
				CLANG_WARN_ENUM_CONVERSION = YES;
				CLANG_WARN_INFINITE_RECURSION = YES;
				CLANG_WARN_INT_CONVERSION = YES;
				CLANG_WARN_NON_LITERAL_NULL_CONVERSION = YES;
				CLANG_WARN_OBJC_IMPLICIT_RETAIN_SELF = YES;
				CLANG_WARN_OBJC_LITERAL_CONVERSION = YES;
				CLANG_WARN_OBJC_ROOT_CLASS = YES_ERROR;
				CLANG_WARN_QUOTED_INCLUDE_IN_FRAMEWORK_HEADER = YES;
				CLANG_WARN_RANGE_LOOP_ANALYSIS = YES;
				CLANG_WARN_STRICT_PROTOTYPES = YES;
				CLANG_WARN_SUSPICIOUS_MOVE = YES;
				CLANG_WARN_UNGUARDED_AVAILABILITY = YES_AGGRESSIVE;
				CLANG_WARN_UNREACHABLE_CODE = YES;
				CLANG_WARN__DUPLICATE_METHOD_MATCH = YES;
				COPY_PHASE_STRIP = NO;
				DEBUG_INFORMATION_FORMAT = dwarf;
				ENABLE_STRICT_OBJC_MSGSEND = YES;
				ENABLE_TESTABILITY = YES;
				GCC_C_LANGUAGE_STANDARD = gnu11;
				GCC_DYNAMIC_NO_PIC = NO;
				GCC_NO_COMMON_BLOCKS = YES;
				GCC_OPTIMIZATION_LEVEL = 0;
				GCC_PREPROCESSOR_DEFINITIONS = (
					"DEBUG=1",
					"$(inherited)",
				);
				GCC_WARN_64_TO_32_BIT_CONVERSION = YES;
				GCC_WARN_ABOUT_RETURN_TYPE = YES_ERROR;
				GCC_WARN_UNDECLARED_SELECTOR = YES;
				GCC_WARN_UNINITIALIZED_AUTOS = YES_AGGRESSIVE;
				GCC_WARN_UNUSED_FUNCTION = YES;
				GCC_WARN_UNUSED_VARIABLE = YES;
				IPHONEOS_DEPLOYMENT_TARGET = 15.2;
				MTL_ENABLE_DEBUG_INFO = INCLUDE_SOURCE;
				MTL_FAST_MATH = YES;
				ONLY_ACTIVE_ARCH = YES;
				SDKROOT = iphoneos;
				SWIFT_ACTIVE_COMPILATION_CONDITIONS = DEBUG;
				SWIFT_OPTIMIZATION_LEVEL = "-Onone";
			};
			name = Debug;
		};
		00EEDE5D27FDAF4600F6BE85 /* Release */ = {
			isa = XCBuildConfiguration;
			buildSettings = {
				ALWAYS_SEARCH_USER_PATHS = NO;
				CLANG_ANALYZER_NONNULL = YES;
				CLANG_ANALYZER_NUMBER_OBJECT_CONVERSION = YES_AGGRESSIVE;
				CLANG_CXX_LANGUAGE_STANDARD = "gnu++17";
				CLANG_CXX_LIBRARY = "libc++";
				CLANG_ENABLE_MODULES = YES;
				CLANG_ENABLE_OBJC_ARC = YES;
				CLANG_ENABLE_OBJC_WEAK = YES;
				CLANG_WARN_BLOCK_CAPTURE_AUTORELEASING = YES;
				CLANG_WARN_BOOL_CONVERSION = YES;
				CLANG_WARN_COMMA = YES;
				CLANG_WARN_CONSTANT_CONVERSION = YES;
				CLANG_WARN_DEPRECATED_OBJC_IMPLEMENTATIONS = YES;
				CLANG_WARN_DIRECT_OBJC_ISA_USAGE = YES_ERROR;
				CLANG_WARN_DOCUMENTATION_COMMENTS = YES;
				CLANG_WARN_EMPTY_BODY = YES;
				CLANG_WARN_ENUM_CONVERSION = YES;
				CLANG_WARN_INFINITE_RECURSION = YES;
				CLANG_WARN_INT_CONVERSION = YES;
				CLANG_WARN_NON_LITERAL_NULL_CONVERSION = YES;
				CLANG_WARN_OBJC_IMPLICIT_RETAIN_SELF = YES;
				CLANG_WARN_OBJC_LITERAL_CONVERSION = YES;
				CLANG_WARN_OBJC_ROOT_CLASS = YES_ERROR;
				CLANG_WARN_QUOTED_INCLUDE_IN_FRAMEWORK_HEADER = YES;
				CLANG_WARN_RANGE_LOOP_ANALYSIS = YES;
				CLANG_WARN_STRICT_PROTOTYPES = YES;
				CLANG_WARN_SUSPICIOUS_MOVE = YES;
				CLANG_WARN_UNGUARDED_AVAILABILITY = YES_AGGRESSIVE;
				CLANG_WARN_UNREACHABLE_CODE = YES;
				CLANG_WARN__DUPLICATE_METHOD_MATCH = YES;
				COPY_PHASE_STRIP = NO;
				DEBUG_INFORMATION_FORMAT = "dwarf-with-dsym";
				ENABLE_NS_ASSERTIONS = NO;
				ENABLE_STRICT_OBJC_MSGSEND = YES;
				GCC_C_LANGUAGE_STANDARD = gnu11;
				GCC_NO_COMMON_BLOCKS = YES;
				GCC_WARN_64_TO_32_BIT_CONVERSION = YES;
				GCC_WARN_ABOUT_RETURN_TYPE = YES_ERROR;
				GCC_WARN_UNDECLARED_SELECTOR = YES;
				GCC_WARN_UNINITIALIZED_AUTOS = YES_AGGRESSIVE;
				GCC_WARN_UNUSED_FUNCTION = YES;
				GCC_WARN_UNUSED_VARIABLE = YES;
				IPHONEOS_DEPLOYMENT_TARGET = 15.2;
				MTL_ENABLE_DEBUG_INFO = NO;
				MTL_FAST_MATH = YES;
				SDKROOT = iphoneos;
				SWIFT_COMPILATION_MODE = wholemodule;
				SWIFT_OPTIMIZATION_LEVEL = "-O";
				VALIDATE_PRODUCT = YES;
			};
			name = Release;
		};
		00EEDE5F27FDAF4600F6BE85 /* Debug */ = {
			isa = XCBuildConfiguration;
			buildSettings = {
				ASSETCATALOG_COMPILER_APPICON_NAME = AppIcon;
				ASSETCATALOG_COMPILER_GLOBAL_ACCENT_COLOR_NAME = AccentColor;
				CODE_SIGN_STYLE = Automatic;
				CURRENT_PROJECT_VERSION = 1;
				DEVELOPMENT_TEAM = 58KA6J6VFX;
				GENERATE_INFOPLIST_FILE = YES;
				INFOPLIST_FILE = NFCReadExample/Resources/Info.plist;
				INFOPLIST_KEY_UIApplicationSupportsIndirectInputEvents = YES;
				INFOPLIST_KEY_UILaunchStoryboardName = LaunchScreen;
				INFOPLIST_KEY_UIMainStoryboardFile = Main;
				INFOPLIST_KEY_UISupportedInterfaceOrientations_iPad = "UIInterfaceOrientationPortrait UIInterfaceOrientationPortraitUpsideDown UIInterfaceOrientationLandscapeLeft UIInterfaceOrientationLandscapeRight";
				INFOPLIST_KEY_UISupportedInterfaceOrientations_iPhone = "UIInterfaceOrientationPortrait UIInterfaceOrientationLandscapeLeft UIInterfaceOrientationLandscapeRight";
				LD_RUNPATH_SEARCH_PATHS = (
					"$(inherited)",
					"@executable_path/Frameworks",
				);
				MARKETING_VERSION = 1.0;
				PRODUCT_BUNDLE_IDENTIFIER = com.NFCReadExample;
				PRODUCT_NAME = "$(TARGET_NAME)";
				SWIFT_EMIT_LOC_STRINGS = YES;
				SWIFT_VERSION = 5.0;
				TARGETED_DEVICE_FAMILY = "1,2";
			};
			name = Debug;
		};
		00EEDE6027FDAF4600F6BE85 /* Release */ = {
			isa = XCBuildConfiguration;
			buildSettings = {
				ASSETCATALOG_COMPILER_APPICON_NAME = AppIcon;
				ASSETCATALOG_COMPILER_GLOBAL_ACCENT_COLOR_NAME = AccentColor;
				CODE_SIGN_STYLE = Automatic;
				CURRENT_PROJECT_VERSION = 1;
				DEVELOPMENT_TEAM = 58KA6J6VFX;
				GENERATE_INFOPLIST_FILE = YES;
				INFOPLIST_FILE = NFCReadExample/Resources/Info.plist;
				INFOPLIST_KEY_UIApplicationSupportsIndirectInputEvents = YES;
				INFOPLIST_KEY_UILaunchStoryboardName = LaunchScreen;
				INFOPLIST_KEY_UIMainStoryboardFile = Main;
				INFOPLIST_KEY_UISupportedInterfaceOrientations_iPad = "UIInterfaceOrientationPortrait UIInterfaceOrientationPortraitUpsideDown UIInterfaceOrientationLandscapeLeft UIInterfaceOrientationLandscapeRight";
				INFOPLIST_KEY_UISupportedInterfaceOrientations_iPhone = "UIInterfaceOrientationPortrait UIInterfaceOrientationLandscapeLeft UIInterfaceOrientationLandscapeRight";
				LD_RUNPATH_SEARCH_PATHS = (
					"$(inherited)",
					"@executable_path/Frameworks",
				);
				MARKETING_VERSION = 1.0;
				PRODUCT_BUNDLE_IDENTIFIER = com.NFCReadExample;
				PRODUCT_NAME = "$(TARGET_NAME)";
				SWIFT_EMIT_LOC_STRINGS = YES;
				SWIFT_VERSION = 5.0;
				TARGETED_DEVICE_FAMILY = "1,2";
			};
			name = Release;
		};
/* End XCBuildConfiguration section */

/* Begin XCConfigurationList section */
		00EEDE4527FDAF4500F6BE85 /* Build configuration list for PBXProject "NFCReadExample" */ = {
			isa = XCConfigurationList;
			buildConfigurations = (
				00EEDE5C27FDAF4600F6BE85 /* Debug */,
				00EEDE5D27FDAF4600F6BE85 /* Release */,
			);
			defaultConfigurationIsVisible = 0;
			defaultConfigurationName = Release;
		};
		00EEDE5E27FDAF4600F6BE85 /* Build configuration list for PBXNativeTarget "NFCReadExample" */ = {
			isa = XCConfigurationList;
			buildConfigurations = (
				00EEDE5F27FDAF4600F6BE85 /* Debug */,
				00EEDE6027FDAF4600F6BE85 /* Release */,
			);
			defaultConfigurationIsVisible = 0;
			defaultConfigurationName = Release;
		};
/* End XCConfigurationList section */
	};
	rootObject = 00EEDE4227FDAF4500F6BE85 /* Project object */;
}
